
Microsoft Visual Studio Solution File, Format Version 12.00
# Visual Studio Version 17
VisualStudioVersion = 17.12.35707.178
MinimumVisualStudioVersion = 10.0.40219.1
Project("{2150E333-8FDC-42A3-9474-1A3956D46DE8}") = "src", "src", "{0629A2D7-9056-4BD4-AC56-4D87E08F216B}"
EndProject
Project("{2150E333-8FDC-42A3-9474-1A3956D46DE8}") = "tests", "tests", "{7B1C7E13-1007-4A2E-B520-EEC97C976A73}"
EndProject
Project("{2150E333-8FDC-42A3-9474-1A3956D46DE8}") = "compose", "compose", "{BD8BBDCE-8E34-42EC-B4DB-5D078398BDCC}"
EndProject
Project("{2150E333-8FDC-42A3-9474-1A3956D46DE8}") = "Solution Items", "Solution Items", "{CBE755E7-D7DE-48C3-96E5-CAD9E31853B2}"
	ProjectSection(SolutionItems) = preProject
		.editorconfig = .editorconfig
	EndProjectSection
EndProject
Project("{E53339B2-1760-4266-BCC7-CA923CBCF16C}") = "docker-compose", "docker-compose.dcproj", "{1DF0A854-7AAD-4432-BD1B-B19A3D4220A3}"
EndProject
Project("{FAE04EC0-301F-11D3-BF4B-00C04F79EFBC}") = "Architecture.Tests", "Architecture.Tests\Architecture.Tests.csproj", "{60B136D2-5BFA-43E1-ADED-50ACDD8B74D0}"
EndProject
Project("{FAE04EC0-301F-11D3-BF4B-00C04F79EFBC}") = "Application.IntegrationTests", "..\Application.IntegrationTests\Application.IntegrationTests.csproj", "{D9A7224F-69F5-4B3C-B068-6BF72B6627E5}"
EndProject
Project("{2150E333-8FDC-42A3-9474-1A3956D46DE8}") = "api", "api", "{02EA681E-C7D8-13C7-8484-4AC65E1B71E8}"
EndProject
Project("{2150E333-8FDC-42A3-9474-1A3956D46DE8}") = "gateway", "gateway", "{CAEE8BBA-763B-48D8-A6E2-4B55BA0AEB27}"
EndProject
Project("{FAE04EC0-301F-11D3-BF4B-00C04F79EFBC}") = "Yarp.LoadBalancer", "Yarp.LoadBalancer\Yarp.LoadBalancer.csproj", "{F24A4370-A02D-4131-9F8C-1EF6D21A8A72}"
EndProject
Project("{FAE04EC0-301F-11D3-BF4B-00C04F79EFBC}") = "Domain.UnitTests", "Domain.UnitTests\Domain.UnitTests.csproj", "{50633ABD-8FE6-499D-BE20-60BF5069FB1A}"
EndProject
Project("{FAE04EC0-301F-11D3-BF4B-00C04F79EFBC}") = "Api.Tests", "Api.Tests\Api.Tests.csproj", "{AED62E21-A5DF-406B-A9D0-216C40E30197}"
EndProject
Project("{FAE04EC0-301F-11D3-BF4B-00C04F79EFBC}") = "Infrastructure", "src\Infrastructure\Infrastructure.csproj", "{3136753E-CA1B-4FD7-AC70-33ECB9EBD595}"
EndProject
Project("{FAE04EC0-301F-11D3-BF4B-00C04F79EFBC}") = "SharedKernel", "src\SharedKernel\SharedKernel.csproj", "{D1DA9BB8-A31F-5E76-AEF9-E74FC07EBD54}"
EndProject
Project("{FAE04EC0-301F-11D3-BF4B-00C04F79EFBC}") = "StockMarketSimulator.Api", "src\StockMarketSimulator.Api\StockMarketSimulator.Api.csproj", "{5D3459A5-9D1F-EBA6-C28C-6B3CFD017FDC}"
EndProject
Project("{FAE04EC0-301F-11D3-BF4B-00C04F79EFBC}") = "Application", "src\Application\Application.csproj", "{4E033B81-0D4C-440F-B9A2-CFDD6C53B522}"
EndProject
Project("{FAE04EC0-301F-11D3-BF4B-00C04F79EFBC}") = "Contracts", "src\Contracts\Contracts.csproj", "{0169383B-0C96-40A5-AB72-FE53220CA1B1}"
EndProject
Project("{2150E333-8FDC-42A3-9474-1A3956D46DE8}") = "Modules", "Modules", "{3452BB72-23B5-4DBD-B227-617A67089FBC}"
EndProject
Project("{FAE04EC0-301F-11D3-BF4B-00C04F79EFBC}") = "Modules.Users.Domain", "src\Modules\Users\Modules.Users.Domain\Modules.Users.Domain.csproj", "{5B9F581F-0BF0-47B6-BCE1-856D8943DDDC}"
EndProject
Project("{2150E333-8FDC-42A3-9474-1A3956D46DE8}") = "Users", "Users", "{AC813423-1C62-4344-BC12-DEB73AA95038}"
EndProject
Project("{FAE04EC0-301F-11D3-BF4B-00C04F79EFBC}") = "Modules.Users.Infrastructure", "src\Modules\Users\Modules.Users.Infrastructure\Modules.Users.Infrastructure.csproj", "{B3264F50-CAC2-4723-BB7A-DBDCEB10FC96}"
EndProject
Project("{FAE04EC0-301F-11D3-BF4B-00C04F79EFBC}") = "Modules.Users.Application", "src\Modules\Users\Modules.Users.Application\Modules.Users.Application.csproj", "{332444E1-B109-4A79-A32D-5BBB6E8E6591}"
EndProject
Project("{FAE04EC0-301F-11D3-BF4B-00C04F79EFBC}") = "Modules.Users.BackgroundJobs", "src\Modules\Users\Modules.Users.BackgroundJobs\Modules.Users.BackgroundJobs.csproj", "{190087F5-5043-48B9-B187-51A71780DA7D}"
EndProject
Project("{FAE04EC0-301F-11D3-BF4B-00C04F79EFBC}") = "Modules.Users.Contracts", "src\Modules\Users\Modules.Users.Contracts\Modules.Users.Contracts.csproj", "{28BF237A-C456-4251-A758-4D8F9C4832D7}"
EndProject
Project("{2150E333-8FDC-42A3-9474-1A3956D46DE8}") = "Stocks", "Stocks", "{116DFD56-9731-4B98-B843-865D9F7CF53C}"
EndProject
Project("{FAE04EC0-301F-11D3-BF4B-00C04F79EFBC}") = "Modules.Users.Api", "src\Modules\Users\Modules.Users.Api\Modules.Users.Api.csproj", "{4A3F8719-1762-4DBD-A400-769EBD1F2897}"
EndProject
Project("{FAE04EC0-301F-11D3-BF4B-00C04F79EFBC}") = "Modules.Stocks.Domain", "src\Modules\Stocks\Modules.Stocks.Domain\Modules.Stocks.Domain.csproj", "{6406A5A6-03AF-85B3-21F8-529D3B76C12C}"
EndProject
Project("{FAE04EC0-301F-11D3-BF4B-00C04F79EFBC}") = "Modules.Stocks.Application", "src\Modules\Stocks\Modules.Stocks.Application\Modules.Stocks.Application.csproj", "{F3305D93-A432-4AD4-9327-0B852971ED64}"
EndProject
Project("{FAE04EC0-301F-11D3-BF4B-00C04F79EFBC}") = "Modules.Stocks.Infrastructure", "src\Modules\Stocks\Modules.Stocks.Infrastructure\Modules.Stocks.Infrastructure.csproj", "{E3E61DAC-6713-4521-BD58-6F50EEB5ACEA}"
EndProject
Project("{FAE04EC0-301F-11D3-BF4B-00C04F79EFBC}") = "Modules.Stocks.Contracts", "src\Modules\Stocks\Modules.Stocks.Contracts\Modules.Stocks.Contracts.csproj", "{BA029D74-97AF-4831-9FEB-B49B509AF4CA}"
EndProject
Global
	GlobalSection(SolutionConfigurationPlatforms) = preSolution
		Debug|Any CPU = Debug|Any CPU
		Release|Any CPU = Release|Any CPU
	EndGlobalSection
	GlobalSection(ProjectConfigurationPlatforms) = postSolution
		{1DF0A854-7AAD-4432-BD1B-B19A3D4220A3}.Debug|Any CPU.ActiveCfg = Debug|Any CPU
		{1DF0A854-7AAD-4432-BD1B-B19A3D4220A3}.Debug|Any CPU.Build.0 = Debug|Any CPU
		{1DF0A854-7AAD-4432-BD1B-B19A3D4220A3}.Release|Any CPU.ActiveCfg = Release|Any CPU
		{1DF0A854-7AAD-4432-BD1B-B19A3D4220A3}.Release|Any CPU.Build.0 = Release|Any CPU
		{60B136D2-5BFA-43E1-ADED-50ACDD8B74D0}.Debug|Any CPU.ActiveCfg = Debug|Any CPU
		{60B136D2-5BFA-43E1-ADED-50ACDD8B74D0}.Debug|Any CPU.Build.0 = Debug|Any CPU
		{60B136D2-5BFA-43E1-ADED-50ACDD8B74D0}.Release|Any CPU.ActiveCfg = Release|Any CPU
		{60B136D2-5BFA-43E1-ADED-50ACDD8B74D0}.Release|Any CPU.Build.0 = Release|Any CPU
		{D9A7224F-69F5-4B3C-B068-6BF72B6627E5}.Debug|Any CPU.ActiveCfg = Debug|Any CPU
		{D9A7224F-69F5-4B3C-B068-6BF72B6627E5}.Debug|Any CPU.Build.0 = Debug|Any CPU
		{D9A7224F-69F5-4B3C-B068-6BF72B6627E5}.Release|Any CPU.ActiveCfg = Release|Any CPU
		{D9A7224F-69F5-4B3C-B068-6BF72B6627E5}.Release|Any CPU.Build.0 = Release|Any CPU
		{F24A4370-A02D-4131-9F8C-1EF6D21A8A72}.Debug|Any CPU.ActiveCfg = Debug|Any CPU
		{F24A4370-A02D-4131-9F8C-1EF6D21A8A72}.Debug|Any CPU.Build.0 = Debug|Any CPU
		{F24A4370-A02D-4131-9F8C-1EF6D21A8A72}.Release|Any CPU.ActiveCfg = Release|Any CPU
		{F24A4370-A02D-4131-9F8C-1EF6D21A8A72}.Release|Any CPU.Build.0 = Release|Any CPU
		{50633ABD-8FE6-499D-BE20-60BF5069FB1A}.Debug|Any CPU.ActiveCfg = Debug|Any CPU
		{50633ABD-8FE6-499D-BE20-60BF5069FB1A}.Debug|Any CPU.Build.0 = Debug|Any CPU
		{50633ABD-8FE6-499D-BE20-60BF5069FB1A}.Release|Any CPU.ActiveCfg = Release|Any CPU
		{50633ABD-8FE6-499D-BE20-60BF5069FB1A}.Release|Any CPU.Build.0 = Release|Any CPU
		{AED62E21-A5DF-406B-A9D0-216C40E30197}.Debug|Any CPU.ActiveCfg = Debug|Any CPU
		{AED62E21-A5DF-406B-A9D0-216C40E30197}.Debug|Any CPU.Build.0 = Debug|Any CPU
		{AED62E21-A5DF-406B-A9D0-216C40E30197}.Release|Any CPU.ActiveCfg = Release|Any CPU
		{AED62E21-A5DF-406B-A9D0-216C40E30197}.Release|Any CPU.Build.0 = Release|Any CPU
		{3136753E-CA1B-4FD7-AC70-33ECB9EBD595}.Debug|Any CPU.ActiveCfg = Debug|Any CPU
		{3136753E-CA1B-4FD7-AC70-33ECB9EBD595}.Debug|Any CPU.Build.0 = Debug|Any CPU
		{3136753E-CA1B-4FD7-AC70-33ECB9EBD595}.Release|Any CPU.ActiveCfg = Release|Any CPU
		{3136753E-CA1B-4FD7-AC70-33ECB9EBD595}.Release|Any CPU.Build.0 = Release|Any CPU
		{D1DA9BB8-A31F-5E76-AEF9-E74FC07EBD54}.Debug|Any CPU.ActiveCfg = Debug|Any CPU
		{D1DA9BB8-A31F-5E76-AEF9-E74FC07EBD54}.Debug|Any CPU.Build.0 = Debug|Any CPU
		{D1DA9BB8-A31F-5E76-AEF9-E74FC07EBD54}.Release|Any CPU.ActiveCfg = Release|Any CPU
		{D1DA9BB8-A31F-5E76-AEF9-E74FC07EBD54}.Release|Any CPU.Build.0 = Release|Any CPU
		{5D3459A5-9D1F-EBA6-C28C-6B3CFD017FDC}.Debug|Any CPU.ActiveCfg = Debug|Any CPU
		{5D3459A5-9D1F-EBA6-C28C-6B3CFD017FDC}.Debug|Any CPU.Build.0 = Debug|Any CPU
		{5D3459A5-9D1F-EBA6-C28C-6B3CFD017FDC}.Release|Any CPU.ActiveCfg = Release|Any CPU
		{5D3459A5-9D1F-EBA6-C28C-6B3CFD017FDC}.Release|Any CPU.Build.0 = Release|Any CPU
		{4E033B81-0D4C-440F-B9A2-CFDD6C53B522}.Debug|Any CPU.ActiveCfg = Debug|Any CPU
		{4E033B81-0D4C-440F-B9A2-CFDD6C53B522}.Debug|Any CPU.Build.0 = Debug|Any CPU
		{4E033B81-0D4C-440F-B9A2-CFDD6C53B522}.Release|Any CPU.ActiveCfg = Release|Any CPU
		{4E033B81-0D4C-440F-B9A2-CFDD6C53B522}.Release|Any CPU.Build.0 = Release|Any CPU
		{0169383B-0C96-40A5-AB72-FE53220CA1B1}.Debug|Any CPU.ActiveCfg = Debug|Any CPU
		{0169383B-0C96-40A5-AB72-FE53220CA1B1}.Debug|Any CPU.Build.0 = Debug|Any CPU
		{0169383B-0C96-40A5-AB72-FE53220CA1B1}.Release|Any CPU.ActiveCfg = Release|Any CPU
		{0169383B-0C96-40A5-AB72-FE53220CA1B1}.Release|Any CPU.Build.0 = Release|Any CPU
		{5B9F581F-0BF0-47B6-BCE1-856D8943DDDC}.Debug|Any CPU.ActiveCfg = Debug|Any CPU
		{5B9F581F-0BF0-47B6-BCE1-856D8943DDDC}.Debug|Any CPU.Build.0 = Debug|Any CPU
		{5B9F581F-0BF0-47B6-BCE1-856D8943DDDC}.Release|Any CPU.ActiveCfg = Release|Any CPU
		{5B9F581F-0BF0-47B6-BCE1-856D8943DDDC}.Release|Any CPU.Build.0 = Release|Any CPU
		{B3264F50-CAC2-4723-BB7A-DBDCEB10FC96}.Debug|Any CPU.ActiveCfg = Debug|Any CPU
		{B3264F50-CAC2-4723-BB7A-DBDCEB10FC96}.Debug|Any CPU.Build.0 = Debug|Any CPU
		{B3264F50-CAC2-4723-BB7A-DBDCEB10FC96}.Release|Any CPU.ActiveCfg = Release|Any CPU
		{B3264F50-CAC2-4723-BB7A-DBDCEB10FC96}.Release|Any CPU.Build.0 = Release|Any CPU
		{332444E1-B109-4A79-A32D-5BBB6E8E6591}.Debug|Any CPU.ActiveCfg = Debug|Any CPU
		{332444E1-B109-4A79-A32D-5BBB6E8E6591}.Debug|Any CPU.Build.0 = Debug|Any CPU
		{332444E1-B109-4A79-A32D-5BBB6E8E6591}.Release|Any CPU.ActiveCfg = Release|Any CPU
		{332444E1-B109-4A79-A32D-5BBB6E8E6591}.Release|Any CPU.Build.0 = Release|Any CPU
		{190087F5-5043-48B9-B187-51A71780DA7D}.Debug|Any CPU.ActiveCfg = Debug|Any CPU
		{190087F5-5043-48B9-B187-51A71780DA7D}.Debug|Any CPU.Build.0 = Debug|Any CPU
		{190087F5-5043-48B9-B187-51A71780DA7D}.Release|Any CPU.ActiveCfg = Release|Any CPU
		{190087F5-5043-48B9-B187-51A71780DA7D}.Release|Any CPU.Build.0 = Release|Any CPU
		{28BF237A-C456-4251-A758-4D8F9C4832D7}.Debug|Any CPU.ActiveCfg = Debug|Any CPU
		{28BF237A-C456-4251-A758-4D8F9C4832D7}.Debug|Any CPU.Build.0 = Debug|Any CPU
		{28BF237A-C456-4251-A758-4D8F9C4832D7}.Release|Any CPU.ActiveCfg = Release|Any CPU
		{28BF237A-C456-4251-A758-4D8F9C4832D7}.Release|Any CPU.Build.0 = Release|Any CPU
		{4A3F8719-1762-4DBD-A400-769EBD1F2897}.Debug|Any CPU.ActiveCfg = Debug|Any CPU
		{4A3F8719-1762-4DBD-A400-769EBD1F2897}.Debug|Any CPU.Build.0 = Debug|Any CPU
		{4A3F8719-1762-4DBD-A400-769EBD1F2897}.Release|Any CPU.ActiveCfg = Release|Any CPU
		{4A3F8719-1762-4DBD-A400-769EBD1F2897}.Release|Any CPU.Build.0 = Release|Any CPU
		{6406A5A6-03AF-85B3-21F8-529D3B76C12C}.Debug|Any CPU.ActiveCfg = Debug|Any CPU
		{6406A5A6-03AF-85B3-21F8-529D3B76C12C}.Debug|Any CPU.Build.0 = Debug|Any CPU
		{6406A5A6-03AF-85B3-21F8-529D3B76C12C}.Release|Any CPU.ActiveCfg = Release|Any CPU
		{6406A5A6-03AF-85B3-21F8-529D3B76C12C}.Release|Any CPU.Build.0 = Release|Any CPU
		{F3305D93-A432-4AD4-9327-0B852971ED64}.Debug|Any CPU.ActiveCfg = Debug|Any CPU
		{F3305D93-A432-4AD4-9327-0B852971ED64}.Debug|Any CPU.Build.0 = Debug|Any CPU
		{F3305D93-A432-4AD4-9327-0B852971ED64}.Release|Any CPU.ActiveCfg = Release|Any CPU
		{F3305D93-A432-4AD4-9327-0B852971ED64}.Release|Any CPU.Build.0 = Release|Any CPU
		{E3E61DAC-6713-4521-BD58-6F50EEB5ACEA}.Debug|Any CPU.ActiveCfg = Debug|Any CPU
		{E3E61DAC-6713-4521-BD58-6F50EEB5ACEA}.Debug|Any CPU.Build.0 = Debug|Any CPU
		{E3E61DAC-6713-4521-BD58-6F50EEB5ACEA}.Release|Any CPU.ActiveCfg = Release|Any CPU
		{E3E61DAC-6713-4521-BD58-6F50EEB5ACEA}.Release|Any CPU.Build.0 = Release|Any CPU
		{BA029D74-97AF-4831-9FEB-B49B509AF4CA}.Debug|Any CPU.ActiveCfg = Debug|Any CPU
		{BA029D74-97AF-4831-9FEB-B49B509AF4CA}.Debug|Any CPU.Build.0 = Debug|Any CPU
		{BA029D74-97AF-4831-9FEB-B49B509AF4CA}.Release|Any CPU.ActiveCfg = Release|Any CPU
		{BA029D74-97AF-4831-9FEB-B49B509AF4CA}.Release|Any CPU.Build.0 = Release|Any CPU
	EndGlobalSection
	GlobalSection(SolutionProperties) = preSolution
		HideSolutionNode = FALSE
	EndGlobalSection
	GlobalSection(NestedProjects) = preSolution
		{1DF0A854-7AAD-4432-BD1B-B19A3D4220A3} = {BD8BBDCE-8E34-42EC-B4DB-5D078398BDCC}
		{60B136D2-5BFA-43E1-ADED-50ACDD8B74D0} = {7B1C7E13-1007-4A2E-B520-EEC97C976A73}
		{D9A7224F-69F5-4B3C-B068-6BF72B6627E5} = {7B1C7E13-1007-4A2E-B520-EEC97C976A73}
		{02EA681E-C7D8-13C7-8484-4AC65E1B71E8} = {0629A2D7-9056-4BD4-AC56-4D87E08F216B}
		{CAEE8BBA-763B-48D8-A6E2-4B55BA0AEB27} = {0629A2D7-9056-4BD4-AC56-4D87E08F216B}
		{F24A4370-A02D-4131-9F8C-1EF6D21A8A72} = {CAEE8BBA-763B-48D8-A6E2-4B55BA0AEB27}
		{50633ABD-8FE6-499D-BE20-60BF5069FB1A} = {7B1C7E13-1007-4A2E-B520-EEC97C976A73}
		{AED62E21-A5DF-406B-A9D0-216C40E30197} = {7B1C7E13-1007-4A2E-B520-EEC97C976A73}
		{3136753E-CA1B-4FD7-AC70-33ECB9EBD595} = {02EA681E-C7D8-13C7-8484-4AC65E1B71E8}
		{D1DA9BB8-A31F-5E76-AEF9-E74FC07EBD54} = {02EA681E-C7D8-13C7-8484-4AC65E1B71E8}
		{5D3459A5-9D1F-EBA6-C28C-6B3CFD017FDC} = {02EA681E-C7D8-13C7-8484-4AC65E1B71E8}
		{4E033B81-0D4C-440F-B9A2-CFDD6C53B522} = {02EA681E-C7D8-13C7-8484-4AC65E1B71E8}
		{0169383B-0C96-40A5-AB72-FE53220CA1B1} = {02EA681E-C7D8-13C7-8484-4AC65E1B71E8}
		{3452BB72-23B5-4DBD-B227-617A67089FBC} = {02EA681E-C7D8-13C7-8484-4AC65E1B71E8}
		{5B9F581F-0BF0-47B6-BCE1-856D8943DDDC} = {AC813423-1C62-4344-BC12-DEB73AA95038}
		{AC813423-1C62-4344-BC12-DEB73AA95038} = {3452BB72-23B5-4DBD-B227-617A67089FBC}
		{B3264F50-CAC2-4723-BB7A-DBDCEB10FC96} = {AC813423-1C62-4344-BC12-DEB73AA95038}
		{332444E1-B109-4A79-A32D-5BBB6E8E6591} = {AC813423-1C62-4344-BC12-DEB73AA95038}
		{190087F5-5043-48B9-B187-51A71780DA7D} = {AC813423-1C62-4344-BC12-DEB73AA95038}
		{28BF237A-C456-4251-A758-4D8F9C4832D7} = {AC813423-1C62-4344-BC12-DEB73AA95038}
		{116DFD56-9731-4B98-B843-865D9F7CF53C} = {3452BB72-23B5-4DBD-B227-617A67089FBC}
		{4A3F8719-1762-4DBD-A400-769EBD1F2897} = {AC813423-1C62-4344-BC12-DEB73AA95038}
		{6406A5A6-03AF-85B3-21F8-529D3B76C12C} = {116DFD56-9731-4B98-B843-865D9F7CF53C}
		{F3305D93-A432-4AD4-9327-0B852971ED64} = {116DFD56-9731-4B98-B843-865D9F7CF53C}
		{E3E61DAC-6713-4521-BD58-6F50EEB5ACEA} = {116DFD56-9731-4B98-B843-865D9F7CF53C}
		{BA029D74-97AF-4831-9FEB-B49B509AF4CA} = {116DFD56-9731-4B98-B843-865D9F7CF53C}
	EndGlobalSection
	GlobalSection(ExtensibilityGlobals) = postSolution
		SolutionGuid = {CD593C20-A8F4-4A5C-961C-E5BA7D03D2BF}
	EndGlobalSection
EndGlobal
